
Microsoft Visual Studio Solution File, Format Version 12.00
# Visual Studio 14
VisualStudioVersion = 14.0.25420.1
MinimumVisualStudioVersion = 10.0.40219.1
Project("{FAE04EC0-301F-11D3-BF4B-00C04F79EFBC}") = "dynINOUT_2013", "dynINOUT_2013\dynINOUT_2013.csproj", "{9CFB813C-8396-4344-B686-EF058A194034}"
EndProject
Project("{FAE04EC0-301F-11D3-BF4B-00C04F79EFBC}") = "dynINOUT_2014", "dynINOUT_2014\dynINOUT_2014.csproj", "{1A2BC8B7-C854-4C3F-8A79-BCCEB3DCB307}"
EndProject
Project("{FAE04EC0-301F-11D3-BF4B-00C04F79EFBC}") = "dynINOUT_2015", "dynINOUT_2015\dynINOUT_2015.csproj", "{BDB247DA-9174-456A-A9BC-90B5575EF8AE}"
EndProject
Project("{FAE04EC0-301F-11D3-BF4B-00C04F79EFBC}") = "dynINOUT_2016", "dynINOUT_2016\dynINOUT_2016.csproj", "{0E9DA6E2-1FC8-4F0A-8B6F-4AD612568641}"
EndProject
Project("{FAE04EC0-301F-11D3-BF4B-00C04F79EFBC}") = "dynINOUT_2017", "dynINOUT_2017\dynINOUT_2017.csproj", "{DA1A2599-ED80-4D54-B90F-2C47F22C2E4F}"
EndProject
Project("{FAE04EC0-301F-11D3-BF4B-00C04F79EFBC}") = "dynINOUT_2018", "dynINOUT_2018\dynINOUT_2018.csproj", "{82F09722-45AB-4A92-AAB5-CFC00D1645AE}"
EndProject
Project("{FAE04EC0-301F-11D3-BF4B-00C04F79EFBC}") = "dynINOUT_UI", "dynINOUT_UI\dynINOUT_UI.csproj", "{AA8DB68C-7C11-44E0-B110-A2FAE6C6987E}"
EndProject
Project("{FAE04EC0-301F-11D3-BF4B-00C04F79EFBC}") = "dynINOUT_2019", "dynINOUT_2019\dynINOUT_2019.csproj", "{95D76FF6-26C6-40FA-B37C-109D7BACC0E0}"
EndProject
Global
	GlobalSection(SolutionConfigurationPlatforms) = preSolution
		Debug|Any CPU = Debug|Any CPU
		Release|Any CPU = Release|Any CPU
	EndGlobalSection
	GlobalSection(ProjectConfigurationPlatforms) = postSolution
		{9CFB813C-8396-4344-B686-EF058A194034}.Debug|Any CPU.ActiveCfg = Debug|Any CPU
		{9CFB813C-8396-4344-B686-EF058A194034}.Debug|Any CPU.Build.0 = Debug|Any CPU
		{9CFB813C-8396-4344-B686-EF058A194034}.Release|Any CPU.ActiveCfg = Release|Any CPU
		{9CFB813C-8396-4344-B686-EF058A194034}.Release|Any CPU.Build.0 = Release|Any CPU
		{1A2BC8B7-C854-4C3F-8A79-BCCEB3DCB307}.Debug|Any CPU.ActiveCfg = Debug|Any CPU
		{1A2BC8B7-C854-4C3F-8A79-BCCEB3DCB307}.Debug|Any CPU.Build.0 = Debug|Any CPU
		{1A2BC8B7-C854-4C3F-8A79-BCCEB3DCB307}.Release|Any CPU.ActiveCfg = Release|Any CPU
		{1A2BC8B7-C854-4C3F-8A79-BCCEB3DCB307}.Release|Any CPU.Build.0 = Release|Any CPU
		{BDB247DA-9174-456A-A9BC-90B5575EF8AE}.Debug|Any CPU.ActiveCfg = Debug|Any CPU
		{BDB247DA-9174-456A-A9BC-90B5575EF8AE}.Debug|Any CPU.Build.0 = Debug|Any CPU
		{BDB247DA-9174-456A-A9BC-90B5575EF8AE}.Release|Any CPU.ActiveCfg = Release|Any CPU
		{BDB247DA-9174-456A-A9BC-90B5575EF8AE}.Release|Any CPU.Build.0 = Release|Any CPU
		{0E9DA6E2-1FC8-4F0A-8B6F-4AD612568641}.Debug|Any CPU.ActiveCfg = Debug|Any CPU
		{0E9DA6E2-1FC8-4F0A-8B6F-4AD612568641}.Debug|Any CPU.Build.0 = Debug|Any CPU
		{0E9DA6E2-1FC8-4F0A-8B6F-4AD612568641}.Release|Any CPU.ActiveCfg = Release|Any CPU
		{0E9DA6E2-1FC8-4F0A-8B6F-4AD612568641}.Release|Any CPU.Build.0 = Release|Any CPU
		{DA1A2599-ED80-4D54-B90F-2C47F22C2E4F}.Debug|Any CPU.ActiveCfg = Debug|Any CPU
		{DA1A2599-ED80-4D54-B90F-2C47F22C2E4F}.Debug|Any CPU.Build.0 = Debug|Any CPU
		{DA1A2599-ED80-4D54-B90F-2C47F22C2E4F}.Release|Any CPU.ActiveCfg = Release|Any CPU
		{DA1A2599-ED80-4D54-B90F-2C47F22C2E4F}.Release|Any CPU.Build.0 = Release|Any CPU
		{82F09722-45AB-4A92-AAB5-CFC00D1645AE}.Debug|Any CPU.ActiveCfg = Debug|Any CPU
		{82F09722-45AB-4A92-AAB5-CFC00D1645AE}.Debug|Any CPU.Build.0 = Debug|Any CPU
		{82F09722-45AB-4A92-AAB5-CFC00D1645AE}.Release|Any CPU.ActiveCfg = Release|Any CPU
		{82F09722-45AB-4A92-AAB5-CFC00D1645AE}.Release|Any CPU.Build.0 = Release|Any CPU
		{AA8DB68C-7C11-44E0-B110-A2FAE6C6987E}.Debug|Any CPU.ActiveCfg = Debug|Any CPU
		{AA8DB68C-7C11-44E0-B110-A2FAE6C6987E}.Debug|Any CPU.Build.0 = Debug|Any CPU
		{AA8DB68C-7C11-44E0-B110-A2FAE6C6987E}.Release|Any CPU.ActiveCfg = Release|Any CPU
		{AA8DB68C-7C11-44E0-B110-A2FAE6C6987E}.Release|Any CPU.Build.0 = Release|Any CPU
		{95D76FF6-26C6-40FA-B37C-109D7BACC0E0}.Debug|Any CPU.ActiveCfg = Debug|Any CPU
		{95D76FF6-26C6-40FA-B37C-109D7BACC0E0}.Debug|Any CPU.Build.0 = Debug|Any CPU
		{95D76FF6-26C6-40FA-B37C-109D7BACC0E0}.Release|Any CPU.ActiveCfg = Release|Any CPU
		{95D76FF6-26C6-40FA-B37C-109D7BACC0E0}.Release|Any CPU.Build.0 = Release|Any CPU
	EndGlobalSection
	GlobalSection(SolutionProperties) = preSolution
		HideSolutionNode = FALSE
	EndGlobalSection
EndGlobal
